<?xml version="1.0" encoding="utf-8"?>
<Project ToolsVersion="4.0" xmlns="http://schemas.microsoft.com/developer/msbuild/2003">
  <ItemGroup>
    <Filter Include="Файлы ресурсов">
      <UniqueIdentifier>{67DA6AB6-F800-4c08-8B7A-83BB121AAD01}</UniqueIdentifier>
      <Extensions>rc;ico;cur;bmp;dlg;rc2;rct;bin;rgs;gif;jpg;jpeg;jpe;resx;tiff;tif;png;wav;mfcribbon-ms</Extensions>
    </Filter>
    <Filter Include="Geometry">
      <UniqueIdentifier>{de140080-12b7-4ffa-90e0-64853e4628e8}</UniqueIdentifier>
    </Filter>
    <Filter Include="Geometry\Исходные файлы">
      <UniqueIdentifier>{4FC737F1-C7A5-4376-A066-2A32D752A2FF}</UniqueIdentifier>
      <Extensions>cpp;c;cc;cxx;c++;cppm;ixx;def;odl;idl;hpj;bat;asm;asmx</Extensions>
    </Filter>
    <Filter Include="Geometry\Файлы заголовков">
      <UniqueIdentifier>{93995380-89BD-4b04-88EB-625FBE52EBFB}</UniqueIdentifier>
      <Extensions>h;hh;hpp;hxx;h++;hm;inl;inc;ipp;xsd</Extensions>
    </Filter>
    <Filter Include="Test">
      <UniqueIdentifier>{1c8388af-ddd8-4029-9dc5-3ed1a909ad6f}</UniqueIdentifier>
    </Filter>
    <Filter Include="FMMSolver">
      <UniqueIdentifier>{f705a509-8433-4739-b1fe-c38368bbb8dd}</UniqueIdentifier>
    </Filter>
    <Filter Include="FMMSolver\Исходные файлы">
      <UniqueIdentifier>{e60e7060-83ad-49d7-8a93-9608b8b1e26e}</UniqueIdentifier>
    </Filter>
    <Filter Include="FMMSolver\Файлы заголовков">
      <UniqueIdentifier>{5286a02f-5aa9-42c7-9470-8951975e3dea}</UniqueIdentifier>
    </Filter>
  </ItemGroup>
  <ItemGroup>
    <ClCompile Include="vector3.cpp">
      <Filter>Geometry\Исходные файлы</Filter>
    </ClCompile>
    <ClCompile Include="tetrahedron.cpp">
      <Filter>Geometry\Исходные файлы</Filter>
    </ClCompile>
    <ClCompile Include="torus.cpp">
      <Filter>Geometry\Исходные файлы</Filter>
    </ClCompile>
    <ClCompile Include="main.cpp">
      <Filter>Test</Filter>
    </ClCompile>
    <ClCompile Include="hexahedron.cpp">
      <Filter>Geometry\Исходные файлы</Filter>
    </ClCompile>
    <ClCompile Include="fast_multipole_method_solver.cpp">
      <Filter>Geometry\Исходные файлы</Filter>
    </ClCompile>
    <ClCompile Include="basis_quadratures.cpp">
      <Filter>FMMSolver\Исходные файлы</Filter>
    </ClCompile>
    <ClCompile Include="exeptions.cpp">
      <Filter>FMMSolver\Исходные файлы</Filter>
    </ClCompile>
    <ClCompile Include="tetrahedron_transformer.cpp">
      <Filter>FMMSolver\Исходные файлы</Filter>
    </ClCompile>
    <ClCompile Include="legendre_polynomial.cpp">
      <Filter>FMMSolver\Исходные файлы</Filter>
    </ClCompile>
  </ItemGroup>
  <ItemGroup>
    <ClInclude Include="tetrahedron.hpp">
      <Filter>Geometry\Файлы заголовков</Filter>
    </ClInclude>
    <ClInclude Include="vector3.hpp">
      <Filter>Geometry\Файлы заголовков</Filter>
    </ClInclude>
    <ClInclude Include="real.hpp">
      <Filter>Geometry\Файлы заголовков</Filter>
    </ClInclude>
    <ClInclude Include="torus.hpp">
      <Filter>Geometry\Файлы заголовков</Filter>
    </ClInclude>
    <ClInclude Include="hexahedron.hpp">
      <Filter>Geometry\Файлы заголовков</Filter>
    </ClInclude>
    <ClInclude Include="fast_multipole_method_solver.h">
      <Filter>Geometry\Файлы заголовков</Filter>
    </ClInclude>
    <ClInclude Include="basis_quadratures.hpp">
      <Filter>FMMSolver\Файлы заголовков</Filter>
    </ClInclude>
    <ClInclude Include="exeptions.hpp">
      <Filter>FMMSolver\Файлы заголовков</Filter>
    </ClInclude>
    <ClInclude Include="tetrahedron_transformer.hpp">
      <Filter>FMMSolver\Файлы заголовков</Filter>
    </ClInclude>
    <ClInclude Include="legendre_polynomial.hpp">
      <Filter>FMMSolver\Файлы заголовков</Filter>
    </ClInclude>
  </ItemGroup>
</Project>