<?xml version="1.0" encoding="utf-8"?>
<Project ToolsVersion="4.0" xmlns="http://schemas.microsoft.com/developer/msbuild/2003">
  <ItemGroup>
    <CudaCompile Include="cuda_timer.cu">
      <Filter>СUDA compiles</Filter>
    </CudaCompile>
    <CudaCompile Include="laplace_solver_arrays.cu">
      <Filter>СUDA compiles</Filter>
    </CudaCompile>
    <CudaCompile Include="laplace_data.cu">
      <Filter>СUDA compiles</Filter>
    </CudaCompile>
    <CudaCompile Include="laplace_solver_vector3s.cu">
      <Filter>СUDA compiles</Filter>
    </CudaCompile>
    <CudaCompile Include="laplace_solver_kernels.cu">
      <Filter>СUDA compiles</Filter>
    </CudaCompile>
    <CudaCompile Include="laplace_solver_structs.cu">
      <Filter>СUDA compiles</Filter>
    </CudaCompile>
    <CudaCompile Include="cuda_helper.cpp">
      <Filter>C++ compiles</Filter>
    </CudaCompile>
  </ItemGroup>
  <ItemGroup>
    <ClCompile Include="exeptions.cpp">
      <Filter>C++ compiles</Filter>
    </ClCompile>
    <ClCompile Include="mesh.cpp">
      <Filter>C++ compiles</Filter>
    </ClCompile>
    <ClCompile Include="basis_quadratures.cpp">
      <Filter>C++ compiles</Filter>
    </ClCompile>
    <ClCompile Include="triangle.cpp">
      <Filter>C++ compiles</Filter>
    </ClCompile>
    <ClCompile Include="vector3.cu">
      <Filter>СUDA compiles</Filter>
    </ClCompile>
    <ClCompile Include="main.cpp">
      <Filter>C++ compiles</Filter>
    </ClCompile>
    <ClCompile Include="laplace_solver_abstract.cpp">
      <Filter>C++ compiles</Filter>
    </ClCompile>
  </ItemGroup>
  <ItemGroup>
    <ClInclude Include="exeptions.h">
      <Filter>C++ includes</Filter>
    </ClInclude>
    <ClInclude Include="laplace_solver_kernels.cuh">
      <Filter>CUDA includes</Filter>
    </ClInclude>
    <ClInclude Include="mesh.h">
      <Filter>C++ includes</Filter>
    </ClInclude>
    <ClInclude Include="basis_quadratures.h">
      <Filter>C++ includes</Filter>
    </ClInclude>
    <ClInclude Include="triangle.h">
      <Filter>C++ includes</Filter>
    </ClInclude>
    <ClInclude Include="laplace_data.cuh">
      <Filter>CUDA includes</Filter>
    </ClInclude>
    <ClInclude Include="vector3.cuh">
      <Filter>CUDA includes</Filter>
    </ClInclude>
    <ClInclude Include="laplace_solver_abstract.h">
      <Filter>C++ includes</Filter>
    </ClInclude>
    <ClInclude Include="laplace_solver_arrays.h">
      <Filter>C++ includes</Filter>
    </ClInclude>
    <ClInclude Include="laplace_solver_vector3s.h">
      <Filter>C++ includes</Filter>
    </ClInclude>
    <ClInclude Include="dev_ptr.h">
      <Filter>C++ includes</Filter>
    </ClInclude>
    <ClInclude Include="cuda_timer.h">
      <Filter>C++ includes</Filter>
    </ClInclude>
    <ClInclude Include="laplace_solver_structs.h">
      <Filter>C++ includes</Filter>
    </ClInclude>
    <ClInclude Include="real.h">
      <Filter>C++ includes</Filter>
    </ClInclude>
    <ClInclude Include="cuda_helper.h">
      <Filter>C++ includes</Filter>
    </ClInclude>
    <ClInclude Include="dev_ptr_pitch.h">
      <Filter>C++ includes</Filter>
    </ClInclude>
  </ItemGroup>
  <ItemGroup>
    <Filter Include="CUDA includes">
      <UniqueIdentifier>{a8084c5d-8a64-4262-8775-4571ec576933}</UniqueIdentifier>
    </Filter>
    <Filter Include="C++ compiles">
      <UniqueIdentifier>{73fc9737-f9d0-4112-b379-18bc9788ac28}</UniqueIdentifier>
    </Filter>
    <Filter Include="C++ includes">
      <UniqueIdentifier>{9988fec6-5699-4fd5-932c-7905232fa289}</UniqueIdentifier>
    </Filter>
    <Filter Include="СUDA compiles">
      <UniqueIdentifier>{2b404a91-b5bf-412e-8fd5-84b534dca316}</UniqueIdentifier>
    </Filter>
  </ItemGroup>
</Project>